
Microsoft Visual Studio Solution File, Format Version 12.00
# Visual Studio Version 17
VisualStudioVersion = 17.4.33213.308
MinimumVisualStudioVersion = 10.0.40219.1
Project("{FAE04EC0-301F-11D3-BF4B-00C04F79EFBC}") = "AddingCustomBubbles.Server", "Server\AddingCustomBubbles.Server.csproj", "{C0ED5A7C-0E23-4BFE-A7E4-E551C71EAAC0}"
EndProject
Project("{FAE04EC0-301F-11D3-BF4B-00C04F79EFBC}") = "AddingCustomBubbles.Client", "Client\AddingCustomBubbles.Client.csproj", "{84642BE2-6794-4A68-AEF5-554E01F6CB1A}"
EndProject
Project("{FAE04EC0-301F-11D3-BF4B-00C04F79EFBC}") = "AddingCustomBubbles.Shared", "Shared\AddingCustomBubbles.Shared.csproj", "{9F79CFB3-1662-48D9-86F8-921460EB22EE}"
EndProject
Global
	GlobalSection(SolutionConfigurationPlatforms) = preSolution
		Debug|Any CPU = Debug|Any CPU
		Release|Any CPU = Release|Any CPU
	EndGlobalSection
	GlobalSection(ProjectConfigurationPlatforms) = postSolution
		{C0ED5A7C-0E23-4BFE-A7E4-E551C71EAAC0}.Debug|Any CPU.ActiveCfg = Debug|Any CPU
		{C0ED5A7C-0E23-4BFE-A7E4-E551C71EAAC0}.Debug|Any CPU.Build.0 = Debug|Any CPU
		{C0ED5A7C-0E23-4BFE-A7E4-E551C71EAAC0}.Release|Any CPU.ActiveCfg = Release|Any CPU
		{C0ED5A7C-0E23-4BFE-A7E4-E551C71EAAC0}.Release|Any CPU.Build.0 = Release|Any CPU
		{84642BE2-6794-4A68-AEF5-554E01F6CB1A}.Debug|Any CPU.ActiveCfg = Debug|Any CPU
		{84642BE2-6794-4A68-AEF5-554E01F6CB1A}.Debug|Any CPU.Build.0 = Debug|Any CPU
		{84642BE2-6794-4A68-AEF5-554E01F6CB1A}.Release|Any CPU.ActiveCfg = Release|Any CPU
		{84642BE2-6794-4A68-AEF5-554E01F6CB1A}.Release|Any CPU.Build.0 = Release|Any CPU
		{9F79CFB3-1662-48D9-86F8-921460EB22EE}.Debug|Any CPU.ActiveCfg = Debug|Any CPU
		{9F79CFB3-1662-48D9-86F8-921460EB22EE}.Debug|Any CPU.Build.0 = Debug|Any CPU
		{9F79CFB3-1662-48D9-86F8-921460EB22EE}.Release|Any CPU.ActiveCfg = Release|Any CPU
		{9F79CFB3-1662-48D9-86F8-921460EB22EE}.Release|Any CPU.Build.0 = Release|Any CPU
	EndGlobalSection
	GlobalSection(SolutionProperties) = preSolution
		HideSolutionNode = FALSE
	EndGlobalSection
	GlobalSection(ExtensibilityGlobals) = postSolution
		SolutionGuid = {242B2170-C94B-49FB-B421-20858EDF7A2E}
	EndGlobalSection
EndGlobal
